
Microsoft Visual Studio Solution File, Format Version 12.00
# Visual Studio Version 16
VisualStudioVersion = 16.0.30309.148
MinimumVisualStudioVersion = 10.0.40219.1
Project("{9A19103F-16F7-4668-BE54-9A1E7A4F7556}") = "ToDoAPI", "ToDoAPI\ToDoAPI.csproj", "{B5B4D0AB-D9FE-4AC0-9E9D-64F69144B674}"
EndProject
Global
	GlobalSection(SolutionConfigurationPlatforms) = preSolution
		Debug|Any CPU = Debug|Any CPU
		Debug|x64 = Debug|x64
		Release|Any CPU = Release|Any CPU
		Release|x64 = Release|x64
	EndGlobalSection
	GlobalSection(ProjectConfigurationPlatforms) = postSolution
		{B5B4D0AB-D9FE-4AC0-9E9D-64F69144B674}.Debug|Any CPU.ActiveCfg = Debug|Any CPU
		{B5B4D0AB-D9FE-4AC0-9E9D-64F69144B674}.Debug|Any CPU.Build.0 = Debug|Any CPU
		{B5B4D0AB-D9FE-4AC0-9E9D-64F69144B674}.Debug|x64.ActiveCfg = Debug|x64
		{B5B4D0AB-D9FE-4AC0-9E9D-64F69144B674}.Debug|x64.Build.0 = Debug|x64
		{B5B4D0AB-D9FE-4AC0-9E9D-64F69144B674}.Release|Any CPU.ActiveCfg = Release|Any CPU
		{B5B4D0AB-D9FE-4AC0-9E9D-64F69144B674}.Release|Any CPU.Build.0 = Release|Any CPU
		{B5B4D0AB-D9FE-4AC0-9E9D-64F69144B674}.Release|x64.ActiveCfg = Release|x64
		{B5B4D0AB-D9FE-4AC0-9E9D-64F69144B674}.Release|x64.Build.0 = Release|x64
	EndGlobalSection
	GlobalSection(SolutionProperties) = preSolution
		HideSolutionNode = FALSE
	EndGlobalSection
	GlobalSection(ExtensibilityGlobals) = postSolution
		SolutionGuid = {EE80D9CC-D024-4AB9-BB90-FA6C9BE4BAE9}
	EndGlobalSection
EndGlobal
